
Microsoft Visual Studio Solution File, Format Version 12.00
# Visual Studio 15
VisualStudioVersion = 15.0.27703.2035
MinimumVisualStudioVersion = 10.0.40219.1
Project("{FAE04EC0-301F-11D3-BF4B-00C04F79EFBC}") = "TestInteractiveGUI", "TestInteractiveGUI\TestInteractiveGUI.csproj", "{53FCC991-9350-477D-B2E5-DC7959C14B87}"
EndProject
Global
	GlobalSection(SolutionConfigurationPlatforms) = preSolution
		Debug|Any CPU = Debug|Any CPU
		Release|Any CPU = Release|Any CPU
	EndGlobalSection
	GlobalSection(ProjectConfigurationPlatforms) = postSolution
		{53FCC991-9350-477D-B2E5-DC7959C14B87}.Debug|Any CPU.ActiveCfg = Debug|Any CPU
		{53FCC991-9350-477D-B2E5-DC7959C14B87}.Debug|Any CPU.Build.0 = Debug|Any CPU
		{53FCC991-9350-477D-B2E5-DC7959C14B87}.Release|Any CPU.ActiveCfg = Release|Any CPU
		{53FCC991-9350-477D-B2E5-DC7959C14B87}.Release|Any CPU.Build.0 = Release|Any CPU
	EndGlobalSection
	GlobalSection(SolutionProperties) = preSolution
		HideSolutionNode = FALSE
	EndGlobalSection
	GlobalSection(ExtensibilityGlobals) = postSolution
		SolutionGuid = {F89F488D-96B9-4075-89F3-9A2A2FC76251}
	EndGlobalSection
EndGlobal
